
Microsoft Visual Studio Solution File, Format Version 12.00
# Visual Studio Version 17
VisualStudioVersion = 17.2.32630.192
MinimumVisualStudioVersion = 10.0.40219.1
Project("{888888A0-9F3D-457C-B088-3A5042F75D52}") = "Mastermind Game 3 Final Draft", "Mastermind Game 3 Final Draft\Mastermind Game 3 Final Draft.pyproj", "{F027E81A-873E-4BA9-8474-DF1664C6F12B}"
EndProject
Global
	GlobalSection(SolutionConfigurationPlatforms) = preSolution
		Debug|Any CPU = Debug|Any CPU
		Release|Any CPU = Release|Any CPU
	EndGlobalSection
	GlobalSection(ProjectConfigurationPlatforms) = postSolution
		{F027E81A-873E-4BA9-8474-DF1664C6F12B}.Debug|Any CPU.ActiveCfg = Debug|Any CPU
		{F027E81A-873E-4BA9-8474-DF1664C6F12B}.Release|Any CPU.ActiveCfg = Release|Any CPU
	EndGlobalSection
	GlobalSection(SolutionProperties) = preSolution
		HideSolutionNode = FALSE
	EndGlobalSection
	GlobalSection(ExtensibilityGlobals) = postSolution
		SolutionGuid = {1AF2FFFE-DA9C-4356-B4D3-7C8EE00AE40D}
	EndGlobalSection
EndGlobal
